Microsoft Visual Studio Solution File, Format Version 12.00
# Visual Studio Version 17
VisualStudioVersion = 17.5.2.0
MinimumVisualStudioVersion = 10.0.40219.1
Project("{FAE04EC0-301F-11D3-BF4B-00C04F79EFBC}") = "PwaAuth.API", "PwaAuth.API.csproj", "{82CDC2B2-1ED4-A24E-F95E-0E1E7DFD76B2}"
EndProject
Global
	GlobalSection(SolutionConfigurationPlatforms) = preSolution
		Debug|Any CPU = Debug|Any CPU
		Release|Any CPU = Release|Any CPU
	EndGlobalSection
	GlobalSection(ProjectConfigurationPlatforms) = postSolution
		{82CDC2B2-1ED4-A24E-F95E-0E1E7DFD76B2}.Debug|Any CPU.ActiveCfg = Debug|Any CPU
		{82CDC2B2-1ED4-A24E-F95E-0E1E7DFD76B2}.Debug|Any CPU.Build.0 = Debug|Any CPU
		{82CDC2B2-1ED4-A24E-F95E-0E1E7DFD76B2}.Release|Any CPU.ActiveCfg = Release|Any CPU
		{82CDC2B2-1ED4-A24E-F95E-0E1E7DFD76B2}.Release|Any CPU.Build.0 = Release|Any CPU
	EndGlobalSection
	GlobalSection(SolutionProperties) = preSolution
		HideSolutionNode = FALSE
	EndGlobalSection
	GlobalSection(ExtensibilityGlobals) = postSolution
		SolutionGuid = {B5A51199-9558-47A6-B8F4-EF095542E53A}
	EndGlobalSection
EndGlobal
